
Microsoft Visual Studio Solution File, Format Version 12.00
# Visual Studio 15
VisualStudioVersion = 15.0.28307.902
MinimumVisualStudioVersion = 10.0.40219.1
Project("{FAE04EC0-301F-11D3-BF4B-00C04F79EFBC}") = "UsaCovers.Android", "UsaCovers\UsaCovers.Android\UsaCovers.Android.csproj", "{C690F123-CC93-42AF-80DD-25C04857D33A}"
EndProject
Project("{FAE04EC0-301F-11D3-BF4B-00C04F79EFBC}") = "UsaCovers.iOS", "UsaCovers\UsaCovers.iOS\UsaCovers.iOS.csproj", "{674BA2BD-CD88-4302-8CAD-750F404DFCA6}"
EndProject
Project("{FAE04EC0-301F-11D3-BF4B-00C04F79EFBC}") = "UsaCovers", "UsaCovers\UsaCovers\UsaCovers.csproj", "{61A2CD75-D4D8-48A4-993F-CB7CB0FAF0B3}"
EndProject
Project("{FAE04EC0-301F-11D3-BF4B-00C04F79EFBC}") = "US.Backend", "US.Backend\US.Backend.csproj", "{EADEDC85-B98C-4FB3-95F0-56C918B81C50}"
EndProject
Project("{FAE04EC0-301F-11D3-BF4B-00C04F79EFBC}") = "SalesApi", "SalesApi\SalesApi.csproj", "{E119AAC1-3C5A-43D6-BEF7-DDFECA769D62}"
EndProject
Project("{FAE04EC0-301F-11D3-BF4B-00C04F79EFBC}") = "US.Domain", "US.Domain\US.Domain.csproj", "{DC68E2AA-3142-47E5-B2B0-3A4961905404}"
EndProject
Project("{FAE04EC0-301F-11D3-BF4B-00C04F79EFBC}") = "US.Common", "US.Common\US.Common.csproj", "{EB609A38-1E25-494F-BEE3-135216060ED5}"
EndProject
Global
	GlobalSection(SolutionConfigurationPlatforms) = preSolution
		Ad-Hoc|Any CPU = Ad-Hoc|Any CPU
		Ad-Hoc|iPhone = Ad-Hoc|iPhone
		Ad-Hoc|iPhoneSimulator = Ad-Hoc|iPhoneSimulator
		AppStore|Any CPU = AppStore|Any CPU
		AppStore|iPhone = AppStore|iPhone
		AppStore|iPhoneSimulator = AppStore|iPhoneSimulator
		Debug|Any CPU = Debug|Any CPU
		Debug|iPhone = Debug|iPhone
		Debug|iPhoneSimulator = Debug|iPhoneSimulator
		Release|Any CPU = Release|Any CPU
		Release|iPhone = Release|iPhone
		Release|iPhoneSimulator = Release|iPhoneSimulator
	EndGlobalSection
	GlobalSection(ProjectConfigurationPlatforms) = postSolution
		{C690F123-CC93-42AF-80DD-25C04857D33A}.Ad-Hoc|Any CPU.ActiveCfg = Release|Any CPU
		{C690F123-CC93-42AF-80DD-25C04857D33A}.Ad-Hoc|Any CPU.Build.0 = Release|Any CPU
		{C690F123-CC93-42AF-80DD-25C04857D33A}.Ad-Hoc|Any CPU.Deploy.0 = Release|Any CPU
		{C690F123-CC93-42AF-80DD-25C04857D33A}.Ad-Hoc|iPhone.ActiveCfg = Release|Any CPU
		{C690F123-CC93-42AF-80DD-25C04857D33A}.Ad-Hoc|iPhone.Build.0 = Release|Any CPU
		{C690F123-CC93-42AF-80DD-25C04857D33A}.Ad-Hoc|iPhone.Deploy.0 = Release|Any CPU
		{C690F123-CC93-42AF-80DD-25C04857D33A}.Ad-Hoc|iPhoneSimulator.ActiveCfg = Release|Any CPU
		{C690F123-CC93-42AF-80DD-25C04857D33A}.Ad-Hoc|iPhoneSimulator.Build.0 = Release|Any CPU
		{C690F123-CC93-42AF-80DD-25C04857D33A}.Ad-Hoc|iPhoneSimulator.Deploy.0 = Release|Any CPU
		{C690F123-CC93-42AF-80DD-25C04857D33A}.AppStore|Any CPU.ActiveCfg = Release|Any CPU
		{C690F123-CC93-42AF-80DD-25C04857D33A}.AppStore|Any CPU.Build.0 = Release|Any CPU
		{C690F123-CC93-42AF-80DD-25C04857D33A}.AppStore|Any CPU.Deploy.0 = Release|Any CPU
		{C690F123-CC93-42AF-80DD-25C04857D33A}.AppStore|iPhone.ActiveCfg = Release|Any CPU
		{C690F123-CC93-42AF-80DD-25C04857D33A}.AppStore|iPhone.Build.0 = Release|Any CPU
		{C690F123-CC93-42AF-80DD-25C04857D33A}.AppStore|iPhone.Deploy.0 = Release|Any CPU
		{C690F123-CC93-42AF-80DD-25C04857D33A}.AppStore|iPhoneSimulator.ActiveCfg = Release|Any CPU
		{C690F123-CC93-42AF-80DD-25C04857D33A}.AppStore|iPhoneSimulator.Build.0 = Release|Any CPU
		{C690F123-CC93-42AF-80DD-25C04857D33A}.AppStore|iPhoneSimulator.Deploy.0 = Release|Any CPU
		{C690F123-CC93-42AF-80DD-25C04857D33A}.Debug|Any CPU.ActiveCfg = Debug|Any CPU
		{C690F123-CC93-42AF-80DD-25C04857D33A}.Debug|Any CPU.Build.0 = Debug|Any CPU
		{C690F123-CC93-42AF-80DD-25C04857D33A}.Debug|Any CPU.Deploy.0 = Debug|Any CPU
		{C690F123-CC93-42AF-80DD-25C04857D33A}.Debug|iPhone.ActiveCfg = Debug|Any CPU
		{C690F123-CC93-42AF-80DD-25C04857D33A}.Debug|iPhone.Build.0 = Debug|Any CPU
		{C690F123-CC93-42AF-80DD-25C04857D33A}.Debug|iPhone.Deploy.0 = Debug|Any CPU
		{C690F123-CC93-42AF-80DD-25C04857D33A}.Debug|iPhoneSimulator.ActiveCfg = Debug|Any CPU
		{C690F123-CC93-42AF-80DD-25C04857D33A}.Debug|iPhoneSimulator.Build.0 = Debug|Any CPU
		{C690F123-CC93-42AF-80DD-25C04857D33A}.Debug|iPhoneSimulator.Deploy.0 = Debug|Any CPU
		{C690F123-CC93-42AF-80DD-25C04857D33A}.Release|Any CPU.ActiveCfg = Release|Any CPU
		{C690F123-CC93-42AF-80DD-25C04857D33A}.Release|Any CPU.Build.0 = Release|Any CPU
		{C690F123-CC93-42AF-80DD-25C04857D33A}.Release|Any CPU.Deploy.0 = Release|Any CPU
		{C690F123-CC93-42AF-80DD-25C04857D33A}.Release|iPhone.ActiveCfg = Release|Any CPU
		{C690F123-CC93-42AF-80DD-25C04857D33A}.Release|iPhone.Build.0 = Release|Any CPU
		{C690F123-CC93-42AF-80DD-25C04857D33A}.Release|iPhone.Deploy.0 = Release|Any CPU
		{C690F123-CC93-42AF-80DD-25C04857D33A}.Release|iPhoneSimulator.ActiveCfg = Release|Any CPU
		{C690F123-CC93-42AF-80DD-25C04857D33A}.Release|iPhoneSimulator.Build.0 = Release|Any CPU
		{C690F123-CC93-42AF-80DD-25C04857D33A}.Release|iPhoneSimulator.Deploy.0 = Release|Any CPU
		{674BA2BD-CD88-4302-8CAD-750F404DFCA6}.Ad-Hoc|Any CPU.ActiveCfg = Ad-Hoc|iPhone
		{674BA2BD-CD88-4302-8CAD-750F404DFCA6}.Ad-Hoc|Any CPU.Build.0 = Ad-Hoc|iPhone
		{674BA2BD-CD88-4302-8CAD-750F404DFCA6}.Ad-Hoc|Any CPU.Deploy.0 = Ad-Hoc|iPhone
		{674BA2BD-CD88-4302-8CAD-750F404DFCA6}.Ad-Hoc|iPhone.ActiveCfg = Ad-Hoc|iPhone
		{674BA2BD-CD88-4302-8CAD-750F404DFCA6}.Ad-Hoc|iPhone.Build.0 = Ad-Hoc|iPhone
		{674BA2BD-CD88-4302-8CAD-750F404DFCA6}.Ad-Hoc|iPhone.Deploy.0 = Ad-Hoc|iPhone
		{674BA2BD-CD88-4302-8CAD-750F404DFCA6}.Ad-Hoc|iPhoneSimulator.ActiveCfg = Ad-Hoc|iPhoneSimulator
		{674BA2BD-CD88-4302-8CAD-750F404DFCA6}.Ad-Hoc|iPhoneSimulator.Build.0 = Ad-Hoc|iPhoneSimulator
		{674BA2BD-CD88-4302-8CAD-750F404DFCA6}.Ad-Hoc|iPhoneSimulator.Deploy.0 = Ad-Hoc|iPhoneSimulator
		{674BA2BD-CD88-4302-8CAD-750F404DFCA6}.AppStore|Any CPU.ActiveCfg = AppStore|iPhone
		{674BA2BD-CD88-4302-8CAD-750F404DFCA6}.AppStore|Any CPU.Build.0 = AppStore|iPhone
		{674BA2BD-CD88-4302-8CAD-750F404DFCA6}.AppStore|Any CPU.Deploy.0 = AppStore|iPhone
		{674BA2BD-CD88-4302-8CAD-750F404DFCA6}.AppStore|iPhone.ActiveCfg = AppStore|iPhone
		{674BA2BD-CD88-4302-8CAD-750F404DFCA6}.AppStore|iPhone.Build.0 = AppStore|iPhone
		{674BA2BD-CD88-4302-8CAD-750F404DFCA6}.AppStore|iPhone.Deploy.0 = AppStore|iPhone
		{674BA2BD-CD88-4302-8CAD-750F404DFCA6}.AppStore|iPhoneSimulator.ActiveCfg = AppStore|iPhoneSimulator
		{674BA2BD-CD88-4302-8CAD-750F404DFCA6}.AppStore|iPhoneSimulator.Build.0 = AppStore|iPhoneSimulator
		{674BA2BD-CD88-4302-8CAD-750F404DFCA6}.AppStore|iPhoneSimulator.Deploy.0 = AppStore|iPhoneSimulator
		{674BA2BD-CD88-4302-8CAD-750F404DFCA6}.Debug|Any CPU.ActiveCfg = Debug|iPhoneSimulator
		{674BA2BD-CD88-4302-8CAD-750F404DFCA6}.Debug|Any CPU.Build.0 = Debug|iPhoneSimulator
		{674BA2BD-CD88-4302-8CAD-750F404DFCA6}.Debug|Any CPU.Deploy.0 = Debug|iPhoneSimulator
		{674BA2BD-CD88-4302-8CAD-750F404DFCA6}.Debug|iPhone.ActiveCfg = Debug|iPhone
		{674BA2BD-CD88-4302-8CAD-750F404DFCA6}.Debug|iPhone.Build.0 = Debug|iPhone
		{674BA2BD-CD88-4302-8CAD-750F404DFCA6}.Debug|iPhone.Deploy.0 = Debug|iPhone
		{674BA2BD-CD88-4302-8CAD-750F404DFCA6}.Debug|iPhoneSimulator.ActiveCfg = Debug|iPhoneSimulator
		{674BA2BD-CD88-4302-8CAD-750F404DFCA6}.Debug|iPhoneSimulator.Build.0 = Debug|iPhoneSimulator
		{674BA2BD-CD88-4302-8CAD-750F404DFCA6}.Debug|iPhoneSimulator.Deploy.0 = Debug|iPhoneSimulator
		{674BA2BD-CD88-4302-8CAD-750F404DFCA6}.Release|Any CPU.ActiveCfg = Release|iPhone
		{674BA2BD-CD88-4302-8CAD-750F404DFCA6}.Release|Any CPU.Build.0 = Release|iPhone
		{674BA2BD-CD88-4302-8CAD-750F404DFCA6}.Release|Any CPU.Deploy.0 = Release|iPhone
		{674BA2BD-CD88-4302-8CAD-750F404DFCA6}.Release|iPhone.ActiveCfg = Release|iPhone
		{674BA2BD-CD88-4302-8CAD-750F404DFCA6}.Release|iPhone.Build.0 = Release|iPhone
		{674BA2BD-CD88-4302-8CAD-750F404DFCA6}.Release|iPhone.Deploy.0 = Release|iPhone
		{674BA2BD-CD88-4302-8CAD-750F404DFCA6}.Release|iPhoneSimulator.ActiveCfg = Release|iPhoneSimulator
		{674BA2BD-CD88-4302-8CAD-750F404DFCA6}.Release|iPhoneSimulator.Build.0 = Release|iPhoneSimulator
		{674BA2BD-CD88-4302-8CAD-750F404DFCA6}.Release|iPhoneSimulator.Deploy.0 = Release|iPhoneSimulator
		{61A2CD75-D4D8-48A4-993F-CB7CB0FAF0B3}.Ad-Hoc|Any CPU.ActiveCfg = Debug|Any CPU
		{61A2CD75-D4D8-48A4-993F-CB7CB0FAF0B3}.Ad-Hoc|Any CPU.Build.0 = Debug|Any CPU
		{61A2CD75-D4D8-48A4-993F-CB7CB0FAF0B3}.Ad-Hoc|Any CPU.Deploy.0 = Debug|Any CPU
		{61A2CD75-D4D8-48A4-993F-CB7CB0FAF0B3}.Ad-Hoc|iPhone.ActiveCfg = Debug|Any CPU
		{61A2CD75-D4D8-48A4-993F-CB7CB0FAF0B3}.Ad-Hoc|iPhone.Build.0 = Debug|Any CPU
		{61A2CD75-D4D8-48A4-993F-CB7CB0FAF0B3}.Ad-Hoc|iPhone.Deploy.0 = Debug|Any CPU
		{61A2CD75-D4D8-48A4-993F-CB7CB0FAF0B3}.Ad-Hoc|iPhoneSimulator.ActiveCfg = Debug|Any CPU
		{61A2CD75-D4D8-48A4-993F-CB7CB0FAF0B3}.Ad-Hoc|iPhoneSimulator.Build.0 = Debug|Any CPU
		{61A2CD75-D4D8-48A4-993F-CB7CB0FAF0B3}.Ad-Hoc|iPhoneSimulator.Deploy.0 = Debug|Any CPU
		{61A2CD75-D4D8-48A4-993F-CB7CB0FAF0B3}.AppStore|Any CPU.ActiveCfg = Debug|Any CPU
		{61A2CD75-D4D8-48A4-993F-CB7CB0FAF0B3}.AppStore|Any CPU.Build.0 = Debug|Any CPU
		{61A2CD75-D4D8-48A4-993F-CB7CB0FAF0B3}.AppStore|Any CPU.Deploy.0 = Debug|Any CPU
		{61A2CD75-D4D8-48A4-993F-CB7CB0FAF0B3}.AppStore|iPhone.ActiveCfg = Debug|Any CPU
		{61A2CD75-D4D8-48A4-993F-CB7CB0FAF0B3}.AppStore|iPhone.Build.0 = Debug|Any CPU
		{61A2CD75-D4D8-48A4-993F-CB7CB0FAF0B3}.AppStore|iPhone.Deploy.0 = Debug|Any CPU
		{61A2CD75-D4D8-48A4-993F-CB7CB0FAF0B3}.AppStore|iPhoneSimulator.ActiveCfg = Debug|Any CPU
		{61A2CD75-D4D8-48A4-993F-CB7CB0FAF0B3}.AppStore|iPhoneSimulator.Build.0 = Debug|Any CPU
		{61A2CD75-D4D8-48A4-993F-CB7CB0FAF0B3}.AppStore|iPhoneSimulator.Deploy.0 = Debug|Any CPU
		{61A2CD75-D4D8-48A4-993F-CB7CB0FAF0B3}.Debug|Any CPU.ActiveCfg = Debug|Any CPU
		{61A2CD75-D4D8-48A4-993F-CB7CB0FAF0B3}.Debug|Any CPU.Build.0 = Debug|Any CPU
		{61A2CD75-D4D8-48A4-993F-CB7CB0FAF0B3}.Debug|Any CPU.Deploy.0 = Debug|Any CPU
		{61A2CD75-D4D8-48A4-993F-CB7CB0FAF0B3}.Debug|iPhone.ActiveCfg = Debug|Any CPU
		{61A2CD75-D4D8-48A4-993F-CB7CB0FAF0B3}.Debug|iPhone.Build.0 = Debug|Any CPU
		{61A2CD75-D4D8-48A4-993F-CB7CB0FAF0B3}.Debug|iPhone.Deploy.0 = Debug|Any CPU
		{61A2CD75-D4D8-48A4-993F-CB7CB0FAF0B3}.Debug|iPhoneSimulator.ActiveCfg = Debug|Any CPU
		{61A2CD75-D4D8-48A4-993F-CB7CB0FAF0B3}.Debug|iPhoneSimulator.Build.0 = Debug|Any CPU
		{61A2CD75-D4D8-48A4-993F-CB7CB0FAF0B3}.Debug|iPhoneSimulator.Deploy.0 = Debug|Any CPU
		{61A2CD75-D4D8-48A4-993F-CB7CB0FAF0B3}.Release|Any CPU.ActiveCfg = Release|Any CPU
		{61A2CD75-D4D8-48A4-993F-CB7CB0FAF0B3}.Release|Any CPU.Build.0 = Release|Any CPU
		{61A2CD75-D4D8-48A4-993F-CB7CB0FAF0B3}.Release|Any CPU.Deploy.0 = Release|Any CPU
		{61A2CD75-D4D8-48A4-993F-CB7CB0FAF0B3}.Release|iPhone.ActiveCfg = Release|Any CPU
		{61A2CD75-D4D8-48A4-993F-CB7CB0FAF0B3}.Release|iPhone.Build.0 = Release|Any CPU
		{61A2CD75-D4D8-48A4-993F-CB7CB0FAF0B3}.Release|iPhone.Deploy.0 = Release|Any CPU
		{61A2CD75-D4D8-48A4-993F-CB7CB0FAF0B3}.Release|iPhoneSimulator.ActiveCfg = Release|Any CPU
		{61A2CD75-D4D8-48A4-993F-CB7CB0FAF0B3}.Release|iPhoneSimulator.Build.0 = Release|Any CPU
		{61A2CD75-D4D8-48A4-993F-CB7CB0FAF0B3}.Release|iPhoneSimulator.Deploy.0 = Release|Any CPU
		{EADEDC85-B98C-4FB3-95F0-56C918B81C50}.Ad-Hoc|Any CPU.ActiveCfg = Release|Any CPU
		{EADEDC85-B98C-4FB3-95F0-56C918B81C50}.Ad-Hoc|Any CPU.Build.0 = Release|Any CPU
		{EADEDC85-B98C-4FB3-95F0-56C918B81C50}.Ad-Hoc|iPhone.ActiveCfg = Release|Any CPU
		{EADEDC85-B98C-4FB3-95F0-56C918B81C50}.Ad-Hoc|iPhone.Build.0 = Release|Any CPU
		{EADEDC85-B98C-4FB3-95F0-56C918B81C50}.Ad-Hoc|iPhoneSimulator.ActiveCfg = Release|Any CPU
		{EADEDC85-B98C-4FB3-95F0-56C918B81C50}.Ad-Hoc|iPhoneSimulator.Build.0 = Release|Any CPU
		{EADEDC85-B98C-4FB3-95F0-56C918B81C50}.AppStore|Any CPU.ActiveCfg = Release|Any CPU
		{EADEDC85-B98C-4FB3-95F0-56C918B81C50}.AppStore|Any CPU.Build.0 = Release|Any CPU
		{EADEDC85-B98C-4FB3-95F0-56C918B81C50}.AppStore|iPhone.ActiveCfg = Release|Any CPU
		{EADEDC85-B98C-4FB3-95F0-56C918B81C50}.AppStore|iPhone.Build.0 = Release|Any CPU
		{EADEDC85-B98C-4FB3-95F0-56C918B81C50}.AppStore|iPhoneSimulator.ActiveCfg = Release|Any CPU
		{EADEDC85-B98C-4FB3-95F0-56C918B81C50}.AppStore|iPhoneSimulator.Build.0 = Release|Any CPU
		{EADEDC85-B98C-4FB3-95F0-56C918B81C50}.Debug|Any CPU.ActiveCfg = Debug|Any CPU
		{EADEDC85-B98C-4FB3-95F0-56C918B81C50}.Debug|Any CPU.Build.0 = Debug|Any CPU
		{EADEDC85-B98C-4FB3-95F0-56C918B81C50}.Debug|iPhone.ActiveCfg = Debug|Any CPU
		{EADEDC85-B98C-4FB3-95F0-56C918B81C50}.Debug|iPhone.Build.0 = Debug|Any CPU
		{EADEDC85-B98C-4FB3-95F0-56C918B81C50}.Debug|iPhoneSimulator.ActiveCfg = Debug|Any CPU
		{EADEDC85-B98C-4FB3-95F0-56C918B81C50}.Debug|iPhoneSimulator.Build.0 = Debug|Any CPU
		{EADEDC85-B98C-4FB3-95F0-56C918B81C50}.Release|Any CPU.ActiveCfg = Release|Any CPU
		{EADEDC85-B98C-4FB3-95F0-56C918B81C50}.Release|Any CPU.Build.0 = Release|Any CPU
		{EADEDC85-B98C-4FB3-95F0-56C918B81C50}.Release|iPhone.ActiveCfg = Release|Any CPU
		{EADEDC85-B98C-4FB3-95F0-56C918B81C50}.Release|iPhone.Build.0 = Release|Any CPU
		{EADEDC85-B98C-4FB3-95F0-56C918B81C50}.Release|iPhoneSimulator.ActiveCfg = Release|Any CPU
		{EADEDC85-B98C-4FB3-95F0-56C918B81C50}.Release|iPhoneSimulator.Build.0 = Release|Any CPU
		{E119AAC1-3C5A-43D6-BEF7-DDFECA769D62}.Ad-Hoc|Any CPU.ActiveCfg = Release|Any CPU
		{E119AAC1-3C5A-43D6-BEF7-DDFECA769D62}.Ad-Hoc|Any CPU.Build.0 = Release|Any CPU
		{E119AAC1-3C5A-43D6-BEF7-DDFECA769D62}.Ad-Hoc|iPhone.ActiveCfg = Release|Any CPU
		{E119AAC1-3C5A-43D6-BEF7-DDFECA769D62}.Ad-Hoc|iPhone.Build.0 = Release|Any CPU
		{E119AAC1-3C5A-43D6-BEF7-DDFECA769D62}.Ad-Hoc|iPhoneSimulator.ActiveCfg = Release|Any CPU
		{E119AAC1-3C5A-43D6-BEF7-DDFECA769D62}.Ad-Hoc|iPhoneSimulator.Build.0 = Release|Any CPU
		{E119AAC1-3C5A-43D6-BEF7-DDFECA769D62}.AppStore|Any CPU.ActiveCfg = Release|Any CPU
		{E119AAC1-3C5A-43D6-BEF7-DDFECA769D62}.AppStore|Any CPU.Build.0 = Release|Any CPU
		{E119AAC1-3C5A-43D6-BEF7-DDFECA769D62}.AppStore|iPhone.ActiveCfg = Release|Any CPU
		{E119AAC1-3C5A-43D6-BEF7-DDFECA769D62}.AppStore|iPhone.Build.0 = Release|Any CPU
		{E119AAC1-3C5A-43D6-BEF7-DDFECA769D62}.AppStore|iPhoneSimulator.ActiveCfg = Release|Any CPU
		{E119AAC1-3C5A-43D6-BEF7-DDFECA769D62}.AppStore|iPhoneSimulator.Build.0 = Release|Any CPU
		{E119AAC1-3C5A-43D6-BEF7-DDFECA769D62}.Debug|Any CPU.ActiveCfg = Debug|Any CPU
		{E119AAC1-3C5A-43D6-BEF7-DDFECA769D62}.Debug|Any CPU.Build.0 = Debug|Any CPU
		{E119AAC1-3C5A-43D6-BEF7-DDFECA769D62}.Debug|iPhone.ActiveCfg = Debug|Any CPU
		{E119AAC1-3C5A-43D6-BEF7-DDFECA769D62}.Debug|iPhone.Build.0 = Debug|Any CPU
		{E119AAC1-3C5A-43D6-BEF7-DDFECA769D62}.Debug|iPhoneSimulator.ActiveCfg = Debug|Any CPU
		{E119AAC1-3C5A-43D6-BEF7-DDFECA769D62}.Debug|iPhoneSimulator.Build.0 = Debug|Any CPU
		{E119AAC1-3C5A-43D6-BEF7-DDFECA769D62}.Release|Any CPU.ActiveCfg = Release|Any CPU
		{E119AAC1-3C5A-43D6-BEF7-DDFECA769D62}.Release|Any CPU.Build.0 = Release|Any CPU
		{E119AAC1-3C5A-43D6-BEF7-DDFECA769D62}.Release|iPhone.ActiveCfg = Release|Any CPU
		{E119AAC1-3C5A-43D6-BEF7-DDFECA769D62}.Release|iPhone.Build.0 = Release|Any CPU
		{E119AAC1-3C5A-43D6-BEF7-DDFECA769D62}.Release|iPhoneSimulator.ActiveCfg = Release|Any CPU
		{E119AAC1-3C5A-43D6-BEF7-DDFECA769D62}.Release|iPhoneSimulator.Build.0 = Release|Any CPU
		{DC68E2AA-3142-47E5-B2B0-3A4961905404}.Ad-Hoc|Any CPU.ActiveCfg = Release|Any CPU
		{DC68E2AA-3142-47E5-B2B0-3A4961905404}.Ad-Hoc|Any CPU.Build.0 = Release|Any CPU
		{DC68E2AA-3142-47E5-B2B0-3A4961905404}.Ad-Hoc|iPhone.ActiveCfg = Release|Any CPU
		{DC68E2AA-3142-47E5-B2B0-3A4961905404}.Ad-Hoc|iPhone.Build.0 = Release|Any CPU
		{DC68E2AA-3142-47E5-B2B0-3A4961905404}.Ad-Hoc|iPhoneSimulator.ActiveCfg = Release|Any CPU
		{DC68E2AA-3142-47E5-B2B0-3A4961905404}.Ad-Hoc|iPhoneSimulator.Build.0 = Release|Any CPU
		{DC68E2AA-3142-47E5-B2B0-3A4961905404}.AppStore|Any CPU.ActiveCfg = Release|Any CPU
		{DC68E2AA-3142-47E5-B2B0-3A4961905404}.AppStore|Any CPU.Build.0 = Release|Any CPU
		{DC68E2AA-3142-47E5-B2B0-3A4961905404}.AppStore|iPhone.ActiveCfg = Release|Any CPU
		{DC68E2AA-3142-47E5-B2B0-3A4961905404}.AppStore|iPhone.Build.0 = Release|Any CPU
		{DC68E2AA-3142-47E5-B2B0-3A4961905404}.AppStore|iPhoneSimulator.ActiveCfg = Release|Any CPU
		{DC68E2AA-3142-47E5-B2B0-3A4961905404}.AppStore|iPhoneSimulator.Build.0 = Release|Any CPU
		{DC68E2AA-3142-47E5-B2B0-3A4961905404}.Debug|Any CPU.ActiveCfg = Debug|Any CPU
		{DC68E2AA-3142-47E5-B2B0-3A4961905404}.Debug|Any CPU.Build.0 = Debug|Any CPU
		{DC68E2AA-3142-47E5-B2B0-3A4961905404}.Debug|iPhone.ActiveCfg = Debug|Any CPU
		{DC68E2AA-3142-47E5-B2B0-3A4961905404}.Debug|iPhone.Build.0 = Debug|Any CPU
		{DC68E2AA-3142-47E5-B2B0-3A4961905404}.Debug|iPhoneSimulator.ActiveCfg = Debug|Any CPU
		{DC68E2AA-3142-47E5-B2B0-3A4961905404}.Debug|iPhoneSimulator.Build.0 = Debug|Any CPU
		{DC68E2AA-3142-47E5-B2B0-3A4961905404}.Release|Any CPU.ActiveCfg = Release|Any CPU
		{DC68E2AA-3142-47E5-B2B0-3A4961905404}.Release|Any CPU.Build.0 = Release|Any CPU
		{DC68E2AA-3142-47E5-B2B0-3A4961905404}.Release|iPhone.ActiveCfg = Release|Any CPU
		{DC68E2AA-3142-47E5-B2B0-3A4961905404}.Release|iPhone.Build.0 = Release|Any CPU
		{DC68E2AA-3142-47E5-B2B0-3A4961905404}.Release|iPhoneSimulator.ActiveCfg = Release|Any CPU
		{DC68E2AA-3142-47E5-B2B0-3A4961905404}.Release|iPhoneSimulator.Build.0 = Release|Any CPU
		{EB609A38-1E25-494F-BEE3-135216060ED5}.Ad-Hoc|Any CPU.ActiveCfg = Release|Any CPU
		{EB609A38-1E25-494F-BEE3-135216060ED5}.Ad-Hoc|Any CPU.Build.0 = Release|Any CPU
		{EB609A38-1E25-494F-BEE3-135216060ED5}.Ad-Hoc|iPhone.ActiveCfg = Release|Any CPU
		{EB609A38-1E25-494F-BEE3-135216060ED5}.Ad-Hoc|iPhone.Build.0 = Release|Any CPU
		{EB609A38-1E25-494F-BEE3-135216060ED5}.Ad-Hoc|iPhoneSimulator.ActiveCfg = Release|Any CPU
		{EB609A38-1E25-494F-BEE3-135216060ED5}.Ad-Hoc|iPhoneSimulator.Build.0 = Release|Any CPU
		{EB609A38-1E25-494F-BEE3-135216060ED5}.AppStore|Any CPU.ActiveCfg = Release|Any CPU
		{EB609A38-1E25-494F-BEE3-135216060ED5}.AppStore|Any CPU.Build.0 = Release|Any CPU
		{EB609A38-1E25-494F-BEE3-135216060ED5}.AppStore|iPhone.ActiveCfg = Release|Any CPU
		{EB609A38-1E25-494F-BEE3-135216060ED5}.AppStore|iPhone.Build.0 = Release|Any CPU
		{EB609A38-1E25-494F-BEE3-135216060ED5}.AppStore|iPhoneSimulator.ActiveCfg = Release|Any CPU
		{EB609A38-1E25-494F-BEE3-135216060ED5}.AppStore|iPhoneSimulator.Build.0 = Release|Any CPU
		{EB609A38-1E25-494F-BEE3-135216060ED5}.Debug|Any CPU.ActiveCfg = Debug|Any CPU
		{EB609A38-1E25-494F-BEE3-135216060ED5}.Debug|Any CPU.Build.0 = Debug|Any CPU
		{EB609A38-1E25-494F-BEE3-135216060ED5}.Debug|iPhone.ActiveCfg = Debug|Any CPU
		{EB609A38-1E25-494F-BEE3-135216060ED5}.Debug|iPhone.Build.0 = Debug|Any CPU
		{EB609A38-1E25-494F-BEE3-135216060ED5}.Debug|iPhoneSimulator.ActiveCfg = Debug|Any CPU
		{EB609A38-1E25-494F-BEE3-135216060ED5}.Debug|iPhoneSimulator.Build.0 = Debug|Any CPU
		{EB609A38-1E25-494F-BEE3-135216060ED5}.Release|Any CPU.ActiveCfg = Release|Any CPU
		{EB609A38-1E25-494F-BEE3-135216060ED5}.Release|Any CPU.Build.0 = Release|Any CPU
		{EB609A38-1E25-494F-BEE3-135216060ED5}.Release|iPhone.ActiveCfg = Release|Any CPU
		{EB609A38-1E25-494F-BEE3-135216060ED5}.Release|iPhone.Build.0 = Release|Any CPU
		{EB609A38-1E25-494F-BEE3-135216060ED5}.Release|iPhoneSimulator.ActiveCfg = Release|Any CPU
		{EB609A38-1E25-494F-BEE3-135216060ED5}.Release|iPhoneSimulator.Build.0 = Release|Any CPU
	EndGlobalSection
	GlobalSection(SolutionProperties) = preSolution
		HideSolutionNode = FALSE
	EndGlobalSection
	GlobalSection(ExtensibilityGlobals) = postSolution
		SolutionGuid = {D6704B6C-4018-469C-8952-D78744B374D2}
	EndGlobalSection
EndGlobal
